<?xml version="1.0" encoding="utf-8"?>
<Project ToolsVersion="4.0" xmlns="http://schemas.microsoft.com/developer/msbuild/2003">
  <ItemGroup>
    <Filter Include="ソース ファイル">
      <UniqueIdentifier>{4FC737F1-C7A5-4376-A066-2A32D752A2FF}</UniqueIdentifier>
      <Extensions>cpp;c;cc;cxx;c++;cppm;ixx;def;odl;idl;hpj;bat;asm;asmx</Extensions>
    </Filter>
    <Filter Include="ヘッダー ファイル">
      <UniqueIdentifier>{93995380-89BD-4b04-88EB-625FBE52EBFB}</UniqueIdentifier>
      <Extensions>h;hh;hpp;hxx;h++;hm;inl;inc;ipp;xsd</Extensions>
    </Filter>
    <Filter Include="リソース ファイル">
      <UniqueIdentifier>{67DA6AB6-F800-4c08-8B7A-83BB121AAD01}</UniqueIdentifier>
      <Extensions>rc;ico;cur;bmp;dlg;rc2;rct;bin;rgs;gif;jpg;jpeg;jpe;resx;tiff;tif;png;wav;mfcribbon-ms</Extensions>
    </Filter>
    <Filter Include="window">
      <UniqueIdentifier>{1ae5c143-6bb7-4b3c-ab84-5439be17e86a}</UniqueIdentifier>
    </Filter>
    <Filter Include="entry">
      <UniqueIdentifier>{e22331c5-f418-44d1-8316-9bbebafc53a0}</UniqueIdentifier>
    </Filter>
    <Filter Include="DirectX">
      <UniqueIdentifier>{03f1e787-1430-4f9e-ade4-cb3e793ec702}</UniqueIdentifier>
    </Filter>
  </ItemGroup>
  <ItemGroup>
    <ClCompile Include="window.cpp">
      <Filter>window</Filter>
    </ClCompile>
    <ClCompile Include="..\DirectX\Swapchain.cpp">
      <Filter>DirectX</Filter>
    </ClCompile>
    <ClCompile Include="..\DirectX\CommandQueue.cpp">
      <Filter>DirectX</Filter>
    </ClCompile>
    <ClCompile Include="..\DirectX\Device.cpp">
      <Filter>DirectX</Filter>
    </ClCompile>
    <ClCompile Include="..\DirectX\DXGI.cpp">
      <Filter>DirectX</Filter>
    </ClCompile>
    <ClCompile Include="..\DirectX\ComandAllocater.cpp">
      <Filter>DirectX</Filter>
    </ClCompile>
    <ClCompile Include="..\DirectX\ComandList.cpp">
      <Filter>DirectX</Filter>
    </ClCompile>
    <ClCompile Include="..\DirectX\DescripterHeap.cpp">
      <Filter>DirectX</Filter>
    </ClCompile>
    <ClCompile Include="..\DirectX\Fence.cpp">
      <Filter>DirectX</Filter>
    </ClCompile>
    <ClCompile Include="..\DirectX\RenderTarget.cpp">
      <Filter>DirectX</Filter>
    </ClCompile>
    <ClCompile Include="..\entry\entry.cpp">
      <Filter>entry</Filter>
    </ClCompile>
  </ItemGroup>
  <ItemGroup>
    <ClInclude Include="windowclass.h">
      <Filter>window</Filter>
    </ClInclude>
    <ClInclude Include="..\DirectX\Swapchainclassh.h">
      <Filter>DirectX</Filter>
    </ClInclude>
    <ClInclude Include="..\DirectX\CommandQueueclass.h">
      <Filter>DirectX</Filter>
    </ClInclude>
    <ClInclude Include="..\DirectX\Deviceclass.h">
      <Filter>DirectX</Filter>
    </ClInclude>
    <ClInclude Include="..\DirectX\DXGIclass.h">
      <Filter>DirectX</Filter>
    </ClInclude>
    <ClInclude Include="..\DirectX\ComandAllocaterclass.h">
      <Filter>DirectX</Filter>
    </ClInclude>
    <ClInclude Include="..\DirectX\ComandListclass.h">
      <Filter>DirectX</Filter>
    </ClInclude>
    <ClInclude Include="..\DirectX\DescripterHeapclass.h">
      <Filter>DirectX</Filter>
    </ClInclude>
    <ClInclude Include="..\DirectX\Fenceclass.h">
      <Filter>DirectX</Filter>
    </ClInclude>
    <ClInclude Include="..\DirectX\ReaderTargetclass.h">
      <Filter>DirectX</Filter>
    </ClInclude>
  </ItemGroup>
</Project>